
Microsoft Visual Studio Solution File, Format Version 12.00
# Visual Studio 15
VisualStudioVersion = 15.0.27428.1
MinimumVisualStudioVersion = 10.0.40219.1
Project("{FAE04EC0-301F-11D3-BF4B-00C04F79EFBC}") = "del3", "del3\del3.csproj", "{C2593573-C535-4EF1-8D7B-D6052E0F96D4}"
EndProject
Global
	GlobalSection(SolutionConfigurationPlatforms) = preSolution
		Debug|Any CPU = Debug|Any CPU
		Release|Any CPU = Release|Any CPU
	EndGlobalSection
	GlobalSection(ProjectConfigurationPlatforms) = postSolution
		{C2593573-C535-4EF1-8D7B-D6052E0F96D4}.Debug|Any CPU.ActiveCfg = Debug|Any CPU
		{C2593573-C535-4EF1-8D7B-D6052E0F96D4}.Debug|Any CPU.Build.0 = Debug|Any CPU
		{C2593573-C535-4EF1-8D7B-D6052E0F96D4}.Release|Any CPU.ActiveCfg = Release|Any CPU
		{C2593573-C535-4EF1-8D7B-D6052E0F96D4}.Release|Any CPU.Build.0 = Release|Any CPU
	EndGlobalSection
	GlobalSection(SolutionProperties) = preSolution
		HideSolutionNode = FALSE
	EndGlobalSection
	GlobalSection(ExtensibilityGlobals) = postSolution
		SolutionGuid = {93768804-6CAC-4C75-B9C6-B28236A4E37E}
	EndGlobalSection
EndGlobal
